Microsoft Visual Studio Solution File, Format Version 12.00
# Visual Studio Version 17
VisualStudioVersion = 17.5.2.0
MinimumVisualStudioVersion = 10.0.40219.1
Project("{FAE04EC0-301F-11D3-BF4B-00C04F79EFBC}") = "ExcelView", "ExcelView.csproj", "{4FEE43D5-B93E-07CF-BD2D-D935D9CD3000}"
EndProject
Global
	GlobalSection(SolutionConfigurationPlatforms) = preSolution
		Debug|Any CPU = Debug|Any CPU
		Release|Any CPU = Release|Any CPU
	EndGlobalSection
	GlobalSection(ProjectConfigurationPlatforms) = postSolution
		{4FEE43D5-B93E-07CF-BD2D-D935D9CD3000}.Debug|Any CPU.ActiveCfg = Debug|Any CPU
		{4FEE43D5-B93E-07CF-BD2D-D935D9CD3000}.Debug|Any CPU.Build.0 = Debug|Any CPU
		{4FEE43D5-B93E-07CF-BD2D-D935D9CD3000}.Release|Any CPU.ActiveCfg = Release|Any CPU
		{4FEE43D5-B93E-07CF-BD2D-D935D9CD3000}.Release|Any CPU.Build.0 = Release|Any CPU
	EndGlobalSection
	GlobalSection(SolutionProperties) = preSolution
		HideSolutionNode = FALSE
	EndGlobalSection
	GlobalSection(ExtensibilityGlobals) = postSolution
		SolutionGuid = {A9F93EB0-6FE3-4759-9E7F-67D8F0036C9E}
	EndGlobalSection
EndGlobal
